
Microsoft Visual Studio Solution File, Format Version 12.00
# Visual Studio Version 17
VisualStudioVersion = 17.0.31903.59
MinimumVisualStudioVersion = 10.0.40219.1
Project("{2150E333-8FDC-42A3-9474-1A3956D46DE8}") = "src", "src", "{7F3839B5-F2FB-46B6-BDF0-34D3F1724D4E}"
EndProject
Project("{FAE04EC0-301F-11D3-BF4B-00C04F79EFBC}") = "AdventOfCode", "src\AdventOfCode\AdventOfCode.csproj", "{0113DE4D-C6E3-41AC-8BD2-4456439FD221}"
EndProject
Project("{2150E333-8FDC-42A3-9474-1A3956D46DE8}") = "tests", "tests", "{A72974B2-6EA4-45FA-80D1-67023350058A}"
EndProject
Project("{FAE04EC0-301F-11D3-BF4B-00C04F79EFBC}") = "AdventOfCode.Tests", "tests\AdventOfCode.Tests\AdventOfCode.Tests.csproj", "{05FED1F9-B187-4742-81F9-868FE65BCC04}"
EndProject
Project("{FAE04EC0-301F-11D3-BF4B-00C04F79EFBC}") = "AdventOfCode.Solutions", "src\AdventOfCode.Solutions\AdventOfCode.Solutions.csproj", "{4FDB244D-95BF-42C8-A723-C6DF5A6D4CB7}"
EndProject
Project("{2150E333-8FDC-42A3-9474-1A3956D46DE8}") = "Solution Items", "Solution Items", "{513D22ED-0C93-4336-B954-033A3935B3E8}"
	ProjectSection(SolutionItems) = preProject
		.editorconfig = .editorconfig
		.gitignore = .gitignore
		Directory.Packages.props = Directory.Packages.props
		global.json = global.json
	EndProjectSection
EndProject
Global
	GlobalSection(SolutionConfigurationPlatforms) = preSolution
		Debug|Any CPU = Debug|Any CPU
		Release|Any CPU = Release|Any CPU
	EndGlobalSection
	GlobalSection(SolutionProperties) = preSolution
		HideSolutionNode = FALSE
	EndGlobalSection
	GlobalSection(ProjectConfigurationPlatforms) = postSolution
		{0113DE4D-C6E3-41AC-8BD2-4456439FD221}.Debug|Any CPU.ActiveCfg = Debug|Any CPU
		{0113DE4D-C6E3-41AC-8BD2-4456439FD221}.Debug|Any CPU.Build.0 = Debug|Any CPU
		{0113DE4D-C6E3-41AC-8BD2-4456439FD221}.Release|Any CPU.ActiveCfg = Release|Any CPU
		{0113DE4D-C6E3-41AC-8BD2-4456439FD221}.Release|Any CPU.Build.0 = Release|Any CPU
		{05FED1F9-B187-4742-81F9-868FE65BCC04}.Debug|Any CPU.ActiveCfg = Debug|Any CPU
		{05FED1F9-B187-4742-81F9-868FE65BCC04}.Debug|Any CPU.Build.0 = Debug|Any CPU
		{05FED1F9-B187-4742-81F9-868FE65BCC04}.Release|Any CPU.ActiveCfg = Release|Any CPU
		{05FED1F9-B187-4742-81F9-868FE65BCC04}.Release|Any CPU.Build.0 = Release|Any CPU
		{4FDB244D-95BF-42C8-A723-C6DF5A6D4CB7}.Debug|Any CPU.ActiveCfg = Debug|Any CPU
		{4FDB244D-95BF-42C8-A723-C6DF5A6D4CB7}.Debug|Any CPU.Build.0 = Debug|Any CPU
		{4FDB244D-95BF-42C8-A723-C6DF5A6D4CB7}.Release|Any CPU.ActiveCfg = Release|Any CPU
		{4FDB244D-95BF-42C8-A723-C6DF5A6D4CB7}.Release|Any CPU.Build.0 = Release|Any CPU
	EndGlobalSection
	GlobalSection(NestedProjects) = preSolution
		{0113DE4D-C6E3-41AC-8BD2-4456439FD221} = {7F3839B5-F2FB-46B6-BDF0-34D3F1724D4E}
		{05FED1F9-B187-4742-81F9-868FE65BCC04} = {A72974B2-6EA4-45FA-80D1-67023350058A}
		{4FDB244D-95BF-42C8-A723-C6DF5A6D4CB7} = {7F3839B5-F2FB-46B6-BDF0-34D3F1724D4E}
	EndGlobalSection
EndGlobal
